
Microsoft Visual Studio Solution File, Format Version 12.00
# Visual Studio Version 17
VisualStudioVersion = 17.5.001.0
MinimumVisualStudioVersion = 10.0.40219.1
Project("{9A19103F-16F7-4668-BE54-9A1E7A4F7556}") = "cam-preview", "cam-preview.csproj", "{BA1CFC79-86C6-429B-9B64-E43DE1A37D53}"
EndProject
Global
	GlobalSection(SolutionConfigurationPlatforms) = preSolution
		Debug|Any CPU = Debug|Any CPU
		Release|Any CPU = Release|Any CPU
	EndGlobalSection
	GlobalSection(ProjectConfigurationPlatforms) = postSolution
		{BA1CFC79-86C6-429B-9B64-E43DE1A37D53}.Debug|Any CPU.ActiveCfg = Debug|Any CPU
		{BA1CFC79-86C6-429B-9B64-E43DE1A37D53}.Debug|Any CPU.Build.0 = Debug|Any CPU
		{BA1CFC79-86C6-429B-9B64-E43DE1A37D53}.Release|Any CPU.ActiveCfg = Release|Any CPU
		{BA1CFC79-86C6-429B-9B64-E43DE1A37D53}.Release|Any CPU.Build.0 = Release|Any CPU
	EndGlobalSection
	GlobalSection(SolutionProperties) = preSolution
		HideSolutionNode = FALSE
	EndGlobalSection
	GlobalSection(ExtensibilityGlobals) = postSolution
		SolutionGuid = {6F625E81-B764-492C-8E88-61D2E696DCDD}
	EndGlobalSection
EndGlobal
